
Microsoft Visual Studio Solution File, Format Version 12.00
# Visual Studio Version 17
VisualStudioVersion = 17.1.32421.90
MinimumVisualStudioVersion = 10.0.40219.1
Project("{9A19103F-16F7-4668-BE54-9A1E7A4F7556}") = "PiramideApp", "PiramideApp\PiramideApp.csproj", "{7D7508A0-701A-4873-A025-B44D5B58729A}"
EndProject
Project("{9A19103F-16F7-4668-BE54-9A1E7A4F7556}") = "VerticeApp", "VerticeApp\VerticeApp.csproj", "{A1C58C8A-3823-482E-ABC2-206945C3057C}"
EndProject
Project("{9A19103F-16F7-4668-BE54-9A1E7A4F7556}") = "TrianguloApp", "TrianguloApp\TrianguloApp.csproj", "{131FCBC8-7CE5-4CD4-AB15-B156163484FA}"
EndProject
Project("{9A19103F-16F7-4668-BE54-9A1E7A4F7556}") = "PoligonoApp", "PoligonoApp\PoligonoApp.csproj", "{4CD358EC-8E10-4E09-A25B-8CA374ECA282}"
EndProject
Project("{9A19103F-16F7-4668-BE54-9A1E7A4F7556}") = "IntervaloApp", "IntervaloApp\IntervaloApp.csproj", "{C0F489A2-7479-4F5E-98D1-0EB786F20033}"
EndProject
Project("{9A19103F-16F7-4668-BE54-9A1E7A4F7556}") = "ListaIntervaloApp", "ListaIntervaloApp\ListaIntervaloApp.csproj", "{660EDAF7-8E86-4C27-B140-07AF825E4F14}"
EndProject
Project("{9A19103F-16F7-4668-BE54-9A1E7A4F7556}") = "DadosApp", "DadosApp\DadosApp.csproj", "{1CE46D3C-E7BE-4FD9-9B42-FED4541D959C}"
EndProject
Project("{FAE04EC0-301F-11D3-BF4B-00C04F79EFBC}") = "Principal", "Principal\Principal.csproj", "{94B2BA8C-69E8-4FC3-A20A-57C26FE1CB8C}"
EndProject
Global
	GlobalSection(SolutionConfigurationPlatforms) = preSolution
		Debug|Any CPU = Debug|Any CPU
		Release|Any CPU = Release|Any CPU
	EndGlobalSection
	GlobalSection(ProjectConfigurationPlatforms) = postSolution
		{7D7508A0-701A-4873-A025-B44D5B58729A}.Debug|Any CPU.ActiveCfg = Debug|Any CPU
		{7D7508A0-701A-4873-A025-B44D5B58729A}.Debug|Any CPU.Build.0 = Debug|Any CPU
		{7D7508A0-701A-4873-A025-B44D5B58729A}.Release|Any CPU.ActiveCfg = Release|Any CPU
		{7D7508A0-701A-4873-A025-B44D5B58729A}.Release|Any CPU.Build.0 = Release|Any CPU
		{A1C58C8A-3823-482E-ABC2-206945C3057C}.Debug|Any CPU.ActiveCfg = Debug|Any CPU
		{A1C58C8A-3823-482E-ABC2-206945C3057C}.Debug|Any CPU.Build.0 = Debug|Any CPU
		{A1C58C8A-3823-482E-ABC2-206945C3057C}.Release|Any CPU.ActiveCfg = Release|Any CPU
		{A1C58C8A-3823-482E-ABC2-206945C3057C}.Release|Any CPU.Build.0 = Release|Any CPU
		{131FCBC8-7CE5-4CD4-AB15-B156163484FA}.Debug|Any CPU.ActiveCfg = Debug|Any CPU
		{131FCBC8-7CE5-4CD4-AB15-B156163484FA}.Debug|Any CPU.Build.0 = Debug|Any CPU
		{131FCBC8-7CE5-4CD4-AB15-B156163484FA}.Release|Any CPU.ActiveCfg = Release|Any CPU
		{131FCBC8-7CE5-4CD4-AB15-B156163484FA}.Release|Any CPU.Build.0 = Release|Any CPU
		{4CD358EC-8E10-4E09-A25B-8CA374ECA282}.Debug|Any CPU.ActiveCfg = Debug|Any CPU
		{4CD358EC-8E10-4E09-A25B-8CA374ECA282}.Debug|Any CPU.Build.0 = Debug|Any CPU
		{4CD358EC-8E10-4E09-A25B-8CA374ECA282}.Release|Any CPU.ActiveCfg = Release|Any CPU
		{4CD358EC-8E10-4E09-A25B-8CA374ECA282}.Release|Any CPU.Build.0 = Release|Any CPU
		{C0F489A2-7479-4F5E-98D1-0EB786F20033}.Debug|Any CPU.ActiveCfg = Debug|Any CPU
		{C0F489A2-7479-4F5E-98D1-0EB786F20033}.Debug|Any CPU.Build.0 = Debug|Any CPU
		{C0F489A2-7479-4F5E-98D1-0EB786F20033}.Release|Any CPU.ActiveCfg = Release|Any CPU
		{C0F489A2-7479-4F5E-98D1-0EB786F20033}.Release|Any CPU.Build.0 = Release|Any CPU
		{660EDAF7-8E86-4C27-B140-07AF825E4F14}.Debug|Any CPU.ActiveCfg = Debug|Any CPU
		{660EDAF7-8E86-4C27-B140-07AF825E4F14}.Debug|Any CPU.Build.0 = Debug|Any CPU
		{660EDAF7-8E86-4C27-B140-07AF825E4F14}.Release|Any CPU.ActiveCfg = Release|Any CPU
		{660EDAF7-8E86-4C27-B140-07AF825E4F14}.Release|Any CPU.Build.0 = Release|Any CPU
		{1CE46D3C-E7BE-4FD9-9B42-FED4541D959C}.Debug|Any CPU.ActiveCfg = Debug|Any CPU
		{1CE46D3C-E7BE-4FD9-9B42-FED4541D959C}.Debug|Any CPU.Build.0 = Debug|Any CPU
		{1CE46D3C-E7BE-4FD9-9B42-FED4541D959C}.Release|Any CPU.ActiveCfg = Release|Any CPU
		{1CE46D3C-E7BE-4FD9-9B42-FED4541D959C}.Release|Any CPU.Build.0 = Release|Any CPU
		{94B2BA8C-69E8-4FC3-A20A-57C26FE1CB8C}.Debug|Any CPU.ActiveCfg = Debug|Any CPU
		{94B2BA8C-69E8-4FC3-A20A-57C26FE1CB8C}.Debug|Any CPU.Build.0 = Debug|Any CPU
		{94B2BA8C-69E8-4FC3-A20A-57C26FE1CB8C}.Release|Any CPU.ActiveCfg = Release|Any CPU
		{94B2BA8C-69E8-4FC3-A20A-57C26FE1CB8C}.Release|Any CPU.Build.0 = Release|Any CPU
	EndGlobalSection
	GlobalSection(SolutionProperties) = preSolution
		HideSolutionNode = FALSE
	EndGlobalSection
	GlobalSection(ExtensibilityGlobals) = postSolution
		SolutionGuid = {154BEC63-EC5B-4630-9761-AE5163350C05}
	EndGlobalSection
EndGlobal
